
Microsoft Visual Studio Solution File, Format Version 12.00
# Visual Studio Version 16
VisualStudioVersion = 16.0.30204.135
MinimumVisualStudioVersion = 10.0.40219.1
Project("{00D1A9C2-B5F0-4AF3-8072-F6C62B433612}") = "sqlserverdb", "sqlserverdb.sqlproj", "{958695F4-2A81-4169-8B17-2AB1B8EF19FB}"
EndProject
Global
	GlobalSection(SolutionConfigurationPlatforms) = preSolution
		Debug|Any CPU = Debug|Any CPU
		Release|Any CPU = Release|Any CPU
	EndGlobalSection
	GlobalSection(ProjectConfigurationPlatforms) = postSolution
		{958695F4-2A81-4169-8B17-2AB1B8EF19FB}.Debug|Any CPU.ActiveCfg = Debug|Any CPU
		{958695F4-2A81-4169-8B17-2AB1B8EF19FB}.Debug|Any CPU.Build.0 = Debug|Any CPU
		{958695F4-2A81-4169-8B17-2AB1B8EF19FB}.Debug|Any CPU.Deploy.0 = Debug|Any CPU
		{958695F4-2A81-4169-8B17-2AB1B8EF19FB}.Release|Any CPU.ActiveCfg = Release|Any CPU
		{958695F4-2A81-4169-8B17-2AB1B8EF19FB}.Release|Any CPU.Build.0 = Release|Any CPU
		{958695F4-2A81-4169-8B17-2AB1B8EF19FB}.Release|Any CPU.Deploy.0 = Release|Any CPU
	EndGlobalSection
	GlobalSection(SolutionProperties) = preSolution
		HideSolutionNode = FALSE
	EndGlobalSection
	GlobalSection(ExtensibilityGlobals) = postSolution
		SolutionGuid = {1ED108F2-B056-414F-A499-7A119C530850}
	EndGlobalSection
EndGlobal
